{
  "name": "api",
  "version": "0.0.0",
  "lockfileVersion": 1,
  "requires": true,
  "dependencies": {
    "graphql-bigint": {
      "version": "1.0.0",
      "resolved": "https://registry.npmjs.org/graphql-bigint/-/graphql-bigint-1.0.0.tgz",
      "integrity": "sha512-eLDf9GinU0ioui1ipXCl7pMFa3Am8pxciS0D0LR68SXfY7EzLk5P58LKyk+7CgLD5f66kiFGa5OIqt6iRLE2cQ=="
    }
  }
}
